// !$*UTF8*$!
{
	archiveVersion = 1;
	classes = {
	};
	objectVersion = 46;
	objects = {

/* Begin PBXBuildFile section */
		287DB4C31F5909B5005BC8C1 /* main.m in Sources */ = {isa = PBXBuildFile; fileRef = 287DB4C21F5909B5005BC8C1 /* main.m */; };
		287DB4C61F5909B5005BC8C1 /* AppDelegate.m in Sources */ = {isa = PBXBuildFile; fileRef = 287DB4C51F5909B5005BC8C1 /* AppDelegate.m */; };
		287DB4C91F5909B5005BC8C1 /* ViewController.m in Sources */ = {isa = PBXBuildFile; fileRef = 287DB4C81F5909B5005BC8C1 /* ViewController.m */; };
		287DB4CC1F5909B5005BC8C1 /* Main.storyboard in Resources */ = {isa = PBXBuildFile; fileRef = 287DB4CA1F5909B5005BC8C1 /* Main.storyboard */; };
		287DB4CE1F5909B5005BC8C1 /* Assets.xcassets in Resources */ = {isa = PBXBuildFile; fileRef = 287DB4CD1F5909B5005BC8C1 /* Assets.xcassets */; };
		287DB4D11F5909B5005BC8C1 /* LaunchScreen.storyboard in Resources */ = {isa = PBXBuildFile; fileRef = 287DB4CF1F5909B5005BC8C1 /* LaunchScreen.storyboard */; };
		287DB4DD1F590A4D005BC8C1 /* MachOSignature.m in Sources */ = {isa = PBXBuildFile; fileRef = 287DB4DC1F590A4D005BC8C1 /* MachOSignature.m */; };
/* End PBXBuildFile section */

/* Begin PBXFileReference section */
		287DB4BE1F5909B5005BC8C1 /* MachOSignDemo.app */ = {isa = PBXFileReference; explicitFileType = wrapper.application; includeInIndex = 0; path = MachOSignDemo.app; sourceTree = BUILT_PRODUCTS_DIR; };
		287DB4C21F5909B5005BC8C1 /* main.m */ = {isa = PBXFileReference; lastKnownFileType = sourcecode.c.objc; path = main.m; sourceTree = "<group>"; };
		287DB4C41F5909B5005BC8C1 /* AppDelegate.h */ = {isa = PBXFileReference; lastKnownFileType = sourcecode.c.h; path = AppDelegate.h; sourceTree = "<group>"; };
		287DB4C51F5909B5005BC8C1 /* AppDelegate.m */ = {isa = PBXFileReference; lastKnownFileType = sourcecode.c.objc; path = AppDelegate.m; sourceTree = "<group>"; };
		287DB4C71F5909B5005BC8C1 /* ViewController.h */ = {isa = PBXFileReference; lastKnownFileType = sourcecode.c.h; path = ViewController.h; sourceTree = "<group>"; };
		287DB4C81F5909B5005BC8C1 /* ViewController.m */ = {isa = PBXFileReference; lastKnownFileType = sourcecode.c.objc; path = ViewController.m; sourceTree = "<group>"; };
		287DB4CB1F5909B5005BC8C1 /* Base */ = {isa = PBXFileReference; lastKnownFileType = file.storyboard; name = Base; path = Base.lproj/Main.storyboard; sourceTree = "<group>"; };
		287DB4CD1F5909B5005BC8C1 /* Assets.xcassets */ = {isa = PBXFileReference; lastKnownFileType = folder.assetcatalog; path = Assets.xcassets; sourceTree = "<group>"; };
		287DB4D01F5909B5005BC8C1 /* Base */ = {isa = PBXFileReference; lastKnownFileType = file.storyboard; name = Base; path = Base.lproj/LaunchScreen.storyboard; sourceTree = "<group>"; };
		287DB4D21F5909B5005BC8C1 /* Info.plist */ = {isa = PBXFileReference; lastKnownFileType = text.plist.xml; path = Info.plist; sourceTree = "<group>"; };
		287DB4DB1F590A4D005BC8C1 /* MachOSignature.h */ = {isa = PBXFileReference; fileEncoding = 4; lastKnownFileType = sourcecode.c.h; name = MachOSignature.h; path = ../../MachOSignature.h; sourceTree = "<group>"; };
		287DB4DC1F590A4D005BC8C1 /* MachOSignature.m */ = {isa = PBXFileReference; fileEncoding = 4; lastKnownFileType = sourcecode.c.objc; name = MachOSignature.m; path = ../../MachOSignature.m; sourceTree = "<group>"; };
/* End PBXFileReference section */

/* Begin PBXFrameworksBuildPhase section */
		287DB4BB1F5909B5005BC8C1 /* Frameworks */ = {
			isa = PBXFrameworksBuildPhase;
			buildActionMask = 2147483647;
			files = (
			);
			runOnlyForDeploymentPostprocessing = 0;
		};
/* End PBXFrameworksBuildPhase section */

/* Begin PBXGroup section */
		287DB4B51F5909B5005BC8C1 = {
			isa = PBXGroup;
			children = (
				287DB4C01F5909B5005BC8C1 /* MachOSignDemo */,
				287DB4BF1F5909B5005BC8C1 /* Products */,
			);
			sourceTree = "<group>";
		};
		287DB4BF1F5909B5005BC8C1 /* Products */ = {
			isa = PBXGroup;
			children = (
				287DB4BE1F5909B5005BC8C1 /* MachOSignDemo.app */,
			);
			name = Products;
			sourceTree = "<group>";
		};
		287DB4C01F5909B5005BC8C1 /* MachOSignDemo */ = {
			isa = PBXGroup;
			children = (
				287DB4C41F5909B5005BC8C1 /* AppDelegate.h */,
				287DB4C51F5909B5005BC8C1 /* AppDelegate.m */,
				287DB4C71F5909B5005BC8C1 /* ViewController.h */,
				287DB4C81F5909B5005BC8C1 /* ViewController.m */,
				287DB4CA1F5909B5005BC8C1 /* Main.storyboard */,
				287DB4CD1F5909B5005BC8C1 /* Assets.xcassets */,
				287DB4CF1F5909B5005BC8C1 /* LaunchScreen.storyboard */,
				287DB4D21F5909B5005BC8C1 /* Info.plist */,
				287DB4C11F5909B5005BC8C1 /* Supporting Files */,
				287DB4DB1F590A4D005BC8C1 /* MachOSignature.h */,
				287DB4DC1F590A4D005BC8C1 /* MachOSignature.m */,
			);
			path = MachOSignDemo;
			sourceTree = "<group>";
		};
		287DB4C11F5909B5005BC8C1 /* Supporting Files */ = {
			isa = PBXGroup;
			children = (
				287DB4C21F5909B5005BC8C1 /* main.m */,
			);
			name = "Supporting Files";
			sourceTree = "<group>";
		};
/* End PBXGroup section */

/* Begin PBXNativeTarget section */
		287DB4BD1F5909B5005BC8C1 /* MachOSignDemo */ = {
			isa = PBXNativeTarget;
			buildConfigurationList = 287DB4D51F5909B5005BC8C1 /* Build configuration list for PBXNativeTarget "MachOSignDemo" */;
			buildPhases = (
				287DB4BA1F5909B5005BC8C1 /* Sources */,
				287DB4BB1F5909B5005BC8C1 /* Frameworks */,
				287DB4BC1F5909B5005BC8C1 /* Resources */,
			);
			buildRules = (
			);
			dependencies = (
			);
			name = MachOSignDemo;
			productName = MachOSignDemo;
			productReference = 287DB4BE1F5909B5005BC8C1 /* MachOSignDemo.app */;
			productType = "com.apple.product-type.application";
		};
/* End PBXNativeTarget section */

/* Begin PBXProject section */
		287DB4B61F5909B5005BC8C1 /* Project object */ = {
			isa = PBXProject;
			attributes = {
				LastUpgradeCheck = 0830;
				ORGANIZATIONNAME = "罗贤明";
				TargetAttributes = {
					287DB4BD1F5909B5005BC8C1 = {
						CreatedOnToolsVersion = 8.3.3;
						DevelopmentTeam = 724C46WH46;
						ProvisioningStyle = Automatic;
					};
				};
			};
			buildConfigurationList = 287DB4B91F5909B5005BC8C1 /* Build configuration list for PBXProject "MachOSignDemo" */;
			compatibilityVersion = "Xcode 3.2";
			developmentRegion = English;
			hasScannedForEncodings = 0;
			knownRegions = (
				en,
				Base,
			);
			mainGroup = 287DB4B51F5909B5005BC8C1;
			productRefGroup = 287DB4BF1F5909B5005BC8C1 /* Products */;
			projectDirPath = "";
			projectRoot = "";
			targets = (
				287DB4BD1F5909B5005BC8C1 /* MachOSignDemo */,
			);
		};
/* End PBXProject section */

/* Begin PBXResourcesBuildPhase section */
		287DB4BC1F5909B5005BC8C1 /* Resources */ = {
			isa = PBXResourcesBuildPhase;
			buildActionMask = 2147483647;
			files = (
				287DB4D11F5909B5005BC8C1 /* LaunchScreen.storyboard in Resources */,
				287DB4CE1F5909B5005BC8C1 /* Assets.xcassets in Resources */,
				287DB4CC1F5909B5005BC8C1 /* Main.storyboard in Resources */,
			);
			runOnlyForDeploymentPostprocessing = 0;
		};
/* End PBXResourcesBuildPhase section */

/* Begin PBXSourcesBuildPhase section */
		287DB4BA1F5909B5005BC8C1 /* Sources */ = {
			isa = PBXSourcesBuildPhase;
			buildActionMask = 2147483647;
			files = (
				287DB4C91F5909B5005BC8C1 /* ViewController.m in Sources */,
				287DB4DD1F590A4D005BC8C1 /* MachOSignature.m in Sources */,
				287DB4C61F5909B5005BC8C1 /* AppDelegate.m in Sources */,
				287DB4C31F5909B5005BC8C1 /* main.m in Sources */,
			);
			runOnlyForDeploymentPostprocessing = 0;
		};
/* End PBXSourcesBuildPhase section */

/* Begin PBXVariantGroup section */
		287DB4CA1F5909B5005BC8C1 /* Main.storyboard */ = {
			isa = PBXVariantGroup;
			children = (
				287DB4CB1F5909B5005BC8C1 /* Base */,
			);
			name = Main.storyboard;
			sourceTree = "<group>";
		};
		287DB4CF1F5909B5005BC8C1 /* LaunchScreen.storyboard */ = {
			isa = PBXVariantGroup;
			children = (
				287DB4D01F5909B5005BC8C1 /* Base */,
			);
			name = LaunchScreen.storyboard;
			sourceTree = "<group>";
		};
/* End PBXVariantGroup section */

/* Begin XCBuildConfiguration section */
		287DB4D31F5909B5005BC8C1 /* Debug */ = {
			isa = XCBuildConfiguration;
			buildSettings = {
				ALWAYS_SEARCH_USER_PATHS = NO;
				CLANG_ANALYZER_NONNULL = YES;
				CLANG_ANALYZER_NUMBER_OBJECT_CONVERSION = YES_AGGRESSIVE;
				CLANG_CXX_LANGUAGE_STANDARD = "gnu++0x";
				CLANG_CXX_LIBRARY = "libc++";
				CLANG_ENABLE_MODULES = YES;
				CLANG_ENABLE_OBJC_ARC = YES;
				CLANG_WARN_BOOL_CONVERSION = YES;
				CLANG_WARN_CONSTANT_CONVERSION = YES;
				CLANG_WARN_DIRECT_OBJC_ISA_USAGE = YES_ERROR;
				CLANG_WARN_DOCUMENTATION_COMMENTS = YES;
				CLANG_WARN_EMPTY_BODY = YES;
				CLANG_WARN_ENUM_CONVERSION = YES;
				CLANG_WARN_INFINITE_RECURSION = YES;
				CLANG_WARN_INT_CONVERSION = YES;
				CLANG_WARN_OBJC_ROOT_CLASS = YES_ERROR;
				CLANG_WARN_SUSPICIOUS_MOVE = YES;
				CLANG_WARN_UNREACHABLE_CODE = YES;
				CLANG_WARN__DUPLICATE_METHOD_MATCH = YES;
				"CODE_SIGN_IDENTITY[sdk=iphoneos*]" = "iPhone Developer";
				COPY_PHASE_STRIP = NO;
				DEBUG_INFORMATION_FORMAT = dwarf;
				ENABLE_STRICT_OBJC_MSGSEND = YES;
				ENABLE_TESTABILITY = YES;
				GCC_C_LANGUAGE_STANDARD = gnu99;
				GCC_DYNAMIC_NO_PIC = NO;
				GCC_NO_COMMON_BLOCKS = YES;
				GCC_OPTIMIZATION_LEVEL = 0;
				GCC_PREPROCESSOR_DEFINITIONS = (
					"DEBUG=1",
					"$(inherited)",
				);
				GCC_WARN_64_TO_32_BIT_CONVERSION = YES;
				GCC_WARN_ABOUT_RETURN_TYPE = YES_ERROR;
				GCC_WARN_UNDECLARED_SELECTOR = YES;
				GCC_WARN_UNINITIALIZED_AUTOS = YES_AGGRESSIVE;
				GCC_WARN_UNUSED_FUNCTION = YES;
				GCC_WARN_UNUSED_VARIABLE = YES;
				IPHONEOS_DEPLOYMENT_TARGET = 10.3;
				MTL_ENABLE_DEBUG_INFO = YES;
				ONLY_ACTIVE_ARCH = YES;
				SDKROOT = iphoneos;
			};
			name = Debug;
		};
		287DB4D41F5909B5005BC8C1 /* Release */ = {
			isa = XCBuildConfiguration;
			buildSettings = {
				ALWAYS_SEARCH_USER_PATHS = NO;
				CLANG_ANALYZER_NONNULL = YES;
				CLANG_ANALYZER_NUMBER_OBJECT_CONVERSION = YES_AGGRESSIVE;
				CLANG_CXX_LANGUAGE_STANDARD = "gnu++0x";
				CLANG_CXX_LIBRARY = "libc++";
				CLANG_ENABLE_MODULES = YES;
				CLANG_ENABLE_OBJC_ARC = YES;
				CLANG_WARN_BOOL_CONVERSION = YES;
				CLANG_WARN_CONSTANT_CONVERSION = YES;
				CLANG_WARN_DIRECT_OBJC_ISA_USAGE = YES_ERROR;
				CLANG_WARN_DOCUMENTATION_COMMENTS = YES;
				CLANG_WARN_EMPTY_BODY = YES;
				CLANG_WARN_ENUM_CONVERSION = YES;
				CLANG_WARN_INFINITE_RECURSION = YES;
				CLANG_WARN_INT_CONVERSION = YES;
				CLANG_WARN_OBJC_ROOT_CLASS = YES_ERROR;
				CLANG_WARN_SUSPICIOUS_MOVE = YES;
				CLANG_WARN_UNREACHABLE_CODE = YES;
				CLANG_WARN__DUPLICATE_METHOD_MATCH = YES;
				"CODE_SIGN_IDENTITY[sdk=iphoneos*]" = "iPhone Developer";
				COPY_PHASE_STRIP = NO;
				DEBUG_INFORMATION_FORMAT = "dwarf-with-dsym";
				ENABLE_NS_ASSERTIONS = NO;
				ENABLE_STRICT_OBJC_MSGSEND = YES;
				GCC_C_LANGUAGE_STANDARD = gnu99;
				GCC_NO_COMMON_BLOCKS = YES;
				GCC_WARN_64_TO_32_BIT_CONVERSION = YES;
				GCC_WARN_ABOUT_RETURN_TYPE = YES_ERROR;
				GCC_WARN_UNDECLARED_SELECTOR = YES;
				GCC_WARN_UNINITIALIZED_AUTOS = YES_AGGRESSIVE;
				GCC_WARN_UNUSED_FUNCTION = YES;
				GCC_WARN_UNUSED_VARIABLE = YES;
				IPHONEOS_DEPLOYMENT_TARGET = 10.3;
				MTL_ENABLE_DEBUG_INFO = NO;
				SDKROOT = iphoneos;
				VALIDATE_PRODUCT = YES;
			};
			name = Release;
		};
		287DB4D61F5909B5005BC8C1 /* Debug */ = {
			isa = XCBuildConfiguration;
			buildSettings = {
				ASSETCATALOG_COMPILER_APPICON_NAME = AppIcon;
				DEVELOPMENT_TEAM = 724C46WH46;
				INFOPLIST_FILE = MachOSignDemo/Info.plist;
				IPHONEOS_DEPLOYMENT_TARGET = 8.0;
				LD_RUNPATH_SEARCH_PATHS = "$(inherited) @executable_path/Frameworks";
				PRODUCT_BUNDLE_IDENTIFIER = com.lxm.coding.MachOSignDemo;
				PRODUCT_NAME = "$(TARGET_NAME)";
			};
			name = Debug;
		};
		287DB4D71F5909B5005BC8C1 /* Release */ = {
			isa = XCBuildConfiguration;
			buildSettings = {
				ASSETCATALOG_COMPILER_APPICON_NAME = AppIcon;
				DEVELOPMENT_TEAM = 724C46WH46;
				INFOPLIST_FILE = MachOSignDemo/Info.plist;
				IPHONEOS_DEPLOYMENT_TARGET = 8.0;
				LD_RUNPATH_SEARCH_PATHS = "$(inherited) @executable_path/Frameworks";
				PRODUCT_BUNDLE_IDENTIFIER = com.lxm.coding.MachOSignDemo;
				PRODUCT_NAME = "$(TARGET_NAME)";
			};
			name = Release;
		};
/* End XCBuildConfiguration section */

/* Begin XCConfigurationList section */
		287DB4B91F5909B5005BC8C1 /* Build configuration list for PBXProject "MachOSignDemo" */ = {
			isa = XCConfigurationList;
			buildConfigurations = (
				287DB4D31F5909B5005BC8C1 /* Debug */,
				287DB4D41F5909B5005BC8C1 /* Release */,
			);
			defaultConfigurationIsVisible = 0;
			defaultConfigurationName = Release;
		};
		287DB4D51F5909B5005BC8C1 /* Build configuration list for PBXNativeTarget "MachOSignDemo" */ = {
			isa = XCConfigurationList;
			buildConfigurations = (
				287DB4D61F5909B5005BC8C1 /* Debug */,
				287DB4D71F5909B5005BC8C1 /* Release */,
			);
			defaultConfigurationIsVisible = 0;
		};
/* End XCConfigurationList section */
	};
	rootObject = 287DB4B61F5909B5005BC8C1 /* Project object */;
}
